
Microsoft Visual Studio Solution File, Format Version 12.00
# Visual Studio Version 16
VisualStudioVersion = 16.0.30611.23
MinimumVisualStudioVersion = 10.0.40219.1
Project("{FAE04EC0-301F-11D3-BF4B-00C04F79EFBC}") = "FingerMovementDemo", "FingerMovementDemo\FingerMovementDemo.csproj", "{99AD2BEA-4C63-413D-965B-90662DC927D1}"
EndProject
Global
	GlobalSection(SolutionConfigurationPlatforms) = preSolution
		Debug|Any CPU = Debug|Any CPU
		Release|Any CPU = Release|Any CPU
	EndGlobalSection
	GlobalSection(ProjectConfigurationPlatforms) = postSolution
		{99AD2BEA-4C63-413D-965B-90662DC927D1}.Debug|Any CPU.ActiveCfg = Debug|Any CPU
		{99AD2BEA-4C63-413D-965B-90662DC927D1}.Debug|Any CPU.Build.0 = Debug|Any CPU
		{99AD2BEA-4C63-413D-965B-90662DC927D1}.Release|Any CPU.ActiveCfg = Release|Any CPU
		{99AD2BEA-4C63-413D-965B-90662DC927D1}.Release|Any CPU.Build.0 = Release|Any CPU
	EndGlobalSection
	GlobalSection(SolutionProperties) = preSolution
		HideSolutionNode = FALSE
	EndGlobalSection
	GlobalSection(ExtensibilityGlobals) = postSolution
		SolutionGuid = {F4D1EF39-C82E-47F0-AEC7-255B936518A2}
	EndGlobalSection
EndGlobal
